
Microsoft Visual Studio Solution File, Format Version 12.00
# Visual Studio Version 16
VisualStudioVersion = 16.0.31624.102
MinimumVisualStudioVersion = 10.0.40219.1
Project("{FAE04EC0-301F-11D3-BF4B-00C04F79EFBC}") = "ChordFileGenerator", "ChordFileGenerator\ChordFileGenerator.csproj", "{FFBAC4CB-FD1F-4E6F-889E-A0A667B29D9C}"
EndProject
Global
	GlobalSection(SolutionConfigurationPlatforms) = preSolution
		Debug|Any CPU = Debug|Any CPU
		Release|Any CPU = Release|Any CPU
	EndGlobalSection
	GlobalSection(ProjectConfigurationPlatforms) = postSolution
		{FFBAC4CB-FD1F-4E6F-889E-A0A667B29D9C}.Debug|Any CPU.ActiveCfg = Debug|Any CPU
		{FFBAC4CB-FD1F-4E6F-889E-A0A667B29D9C}.Debug|Any CPU.Build.0 = Debug|Any CPU
		{FFBAC4CB-FD1F-4E6F-889E-A0A667B29D9C}.Release|Any CPU.ActiveCfg = Release|Any CPU
		{FFBAC4CB-FD1F-4E6F-889E-A0A667B29D9C}.Release|Any CPU.Build.0 = Release|Any CPU
	EndGlobalSection
	GlobalSection(SolutionProperties) = preSolution
		HideSolutionNode = FALSE
	EndGlobalSection
	GlobalSection(ExtensibilityGlobals) = postSolution
		SolutionGuid = {9837C5C5-094D-4FA3-80AA-73644BE0D060}
	EndGlobalSection
EndGlobal
